
Microsoft Visual Studio Solution File, Format Version 12.00
# Visual Studio Version 17
VisualStudioVersion = 17.10.35027.167
MinimumVisualStudioVersion = 10.0.40219.1
Project("{9A19103F-16F7-4668-BE54-9A1E7A4F7556}") = "01_intro", "01_intro\01_intro.csproj", "{532FD947-82AE-41EF-BD3D-D20558C6F201}"
EndProject
Project("{9A19103F-16F7-4668-BE54-9A1E7A4F7556}") = "01_task", "01_task\01_task.csproj", "{88AD6878-82FE-4A08-BDC7-B38822939E4A}"
EndProject
Project("{9A19103F-16F7-4668-BE54-9A1E7A4F7556}") = "02_ref params", "02_ref params\02_ref params.csproj", "{E797859A-288A-41FA-A31B-157E2D3228D0}"
EndProject
Project("{9A19103F-16F7-4668-BE54-9A1E7A4F7556}") = "03_array one dim", "03_array one dim\03_array one dim.csproj", "{3E5F329F-ED90-478D-9450-E55B8DD52F25}"
EndProject
Project("{9A19103F-16F7-4668-BE54-9A1E7A4F7556}") = "04_array multi dim", "04_array multi dim\04_array multi dim.csproj", "{A3055D9D-9B90-43EE-8543-070771236EAD}"
EndProject
Project("{9A19103F-16F7-4668-BE54-9A1E7A4F7556}") = "05_string & stringBuilder", "05_string & stringBuilder\05_string & stringBuilder.csproj", "{8C389CBD-C688-4EB1-A204-E52FD3036162}"
EndProject
Project("{9A19103F-16F7-4668-BE54-9A1E7A4F7556}") = "05_Practical", "05_Practical\05_Practical.csproj", "{4271A4D6-ABBA-412D-8BD5-65EA9F939BC4}"
EndProject
Project("{9A19103F-16F7-4668-BE54-9A1E7A4F7556}") = "02_task", "02_task\02_task.csproj", "{87EA0A07-1F0C-4403-B2D0-BC6586AD7BC8}"
EndProject
Project("{9A19103F-16F7-4668-BE54-9A1E7A4F7556}") = "06_intro class", "06_intro class\06_intro class.csproj", "{4F855F59-EE1C-45DC-B174-C4E31D6946AA}"
EndProject
Project("{9A19103F-16F7-4668-BE54-9A1E7A4F7556}") = "07_Static field_method", "07_Static field_method\07_Static field_method.csproj", "{B8D2CC68-B3B7-4C60-9BF2-E16E8AAE62B7}"
EndProject
Project("{9A19103F-16F7-4668-BE54-9A1E7A4F7556}") = "08_static class", "08_static class\08_static class.csproj", "{76891A33-A03A-4EEF-ABE1-0F6863535769}"
EndProject
Project("{9A19103F-16F7-4668-BE54-9A1E7A4F7556}") = "08_practical", "08_practical\08_practical.csproj", "{3FD4DCDC-9C35-4879-B2EA-0ED68CC3F609}"
EndProject
Project("{9A19103F-16F7-4668-BE54-9A1E7A4F7556}") = "04_task", "04_task\04_task.csproj", "{D59B40C1-C4FA-4BF4-A543-F9E35CC65217}"
EndProject
Project("{9A19103F-16F7-4668-BE54-9A1E7A4F7556}") = "09_Nullable & null operators", "09_Nullable & null operators\09_Nullable & null operators.csproj", "{F64EA2D8-F839-4CFB-B204-F864F5CA471E}"
EndProject
Project("{9A19103F-16F7-4668-BE54-9A1E7A4F7556}") = "10_Overload operators", "10_Overload operators\10_Overload operators.csproj", "{DFD45FFE-DB17-45B8-8577-81EC219BA873}"
EndProject
Project("{9A19103F-16F7-4668-BE54-9A1E7A4F7556}") = "03_task", "03_task\03_task.csproj", "{25ED97DD-7581-432D-A4A1-1AB90B5EDE61}"
EndProject
Project("{9A19103F-16F7-4668-BE54-9A1E7A4F7556}") = "11_Indexers", "11_Indexers\11_Indexers.csproj", "{3C4C85D4-CA17-470B-8653-296B29DF9411}"
EndProject
Project("{9A19103F-16F7-4668-BE54-9A1E7A4F7556}") = "12_boxing & unboxing", "12_boxing & unboxing\12_boxing & unboxing.csproj", "{5CD0C716-3A5B-4BAE-835C-EBDF2F0A4423}"
EndProject
Project("{9A19103F-16F7-4668-BE54-9A1E7A4F7556}") = "13_Inheritance", "13_Inheritance\13_Inheritance.csproj", "{A574E5D0-0206-4239-AC35-2A6E98DB5391}"
EndProject
Project("{9A19103F-16F7-4668-BE54-9A1E7A4F7556}") = "06_task", "06_task\06_task.csproj", "{E68B293E-3AEC-430F-A0A1-4B5D732C01A3}"
EndProject
Project("{9A19103F-16F7-4668-BE54-9A1E7A4F7556}") = "05_task", "05_task\05_task.csproj", "{3743D179-7BE1-4B53-8071-E89300465A3B}"
EndProject
Project("{9A19103F-16F7-4668-BE54-9A1E7A4F7556}") = "14_Exeption", "14_Exeption\14_Exeption.csproj", "{FEE3B5DD-3DEF-41A2-99F2-38300480C00A}"
EndProject
Project("{9A19103F-16F7-4668-BE54-9A1E7A4F7556}") = "14_practical", "14_practical\14_practical.csproj", "{92B99E92-3040-4E81-9091-67C4903B3D01}"
EndProject
Project("{9A19103F-16F7-4668-BE54-9A1E7A4F7556}") = "07_task", "07_task\07_task.csproj", "{41F591DA-983D-4C30-84B9-41060FB216FC}"
EndProject
Project("{FAE04EC0-301F-11D3-BF4B-00C04F79EFBC}") = "15_Interface", "15_Interface\15_Interface.csproj", "{7778CE69-996B-4038-90BC-E41283CA92B4}"
EndProject
Project("{FAE04EC0-301F-11D3-BF4B-00C04F79EFBC}") = "16_ICloneable", "16_ICloneable\16_ICloneable.csproj", "{971F37E8-9D3E-4598-953C-D48D481CE96C}"
EndProject
Project("{FAE04EC0-301F-11D3-BF4B-00C04F79EFBC}") = "17_IEnumerable", "17_IEnumerable\17_IEnumerable.csproj", "{E4538024-2420-4689-B9C1-47B555126811}"
EndProject
Project("{FAE04EC0-301F-11D3-BF4B-00C04F79EFBC}") = "17_practical", "17_practical\17_practical.csproj", "{19671ED4-60C8-403E-9DF8-64975CDB68CD}"
EndProject
Global
	GlobalSection(SolutionConfigurationPlatforms) = preSolution
		Debug|Any CPU = Debug|Any CPU
		Release|Any CPU = Release|Any CPU
	EndGlobalSection
	GlobalSection(ProjectConfigurationPlatforms) = postSolution
		{532FD947-82AE-41EF-BD3D-D20558C6F201}.Debug|Any CPU.ActiveCfg = Debug|Any CPU
		{532FD947-82AE-41EF-BD3D-D20558C6F201}.Debug|Any CPU.Build.0 = Debug|Any CPU
		{532FD947-82AE-41EF-BD3D-D20558C6F201}.Release|Any CPU.ActiveCfg = Release|Any CPU
		{532FD947-82AE-41EF-BD3D-D20558C6F201}.Release|Any CPU.Build.0 = Release|Any CPU
		{88AD6878-82FE-4A08-BDC7-B38822939E4A}.Debug|Any CPU.ActiveCfg = Debug|Any CPU
		{88AD6878-82FE-4A08-BDC7-B38822939E4A}.Debug|Any CPU.Build.0 = Debug|Any CPU
		{88AD6878-82FE-4A08-BDC7-B38822939E4A}.Release|Any CPU.ActiveCfg = Release|Any CPU
		{88AD6878-82FE-4A08-BDC7-B38822939E4A}.Release|Any CPU.Build.0 = Release|Any CPU
		{E797859A-288A-41FA-A31B-157E2D3228D0}.Debug|Any CPU.ActiveCfg = Debug|Any CPU
		{E797859A-288A-41FA-A31B-157E2D3228D0}.Debug|Any CPU.Build.0 = Debug|Any CPU
		{E797859A-288A-41FA-A31B-157E2D3228D0}.Release|Any CPU.ActiveCfg = Release|Any CPU
		{E797859A-288A-41FA-A31B-157E2D3228D0}.Release|Any CPU.Build.0 = Release|Any CPU
		{3E5F329F-ED90-478D-9450-E55B8DD52F25}.Debug|Any CPU.ActiveCfg = Debug|Any CPU
		{3E5F329F-ED90-478D-9450-E55B8DD52F25}.Debug|Any CPU.Build.0 = Debug|Any CPU
		{3E5F329F-ED90-478D-9450-E55B8DD52F25}.Release|Any CPU.ActiveCfg = Release|Any CPU
		{3E5F329F-ED90-478D-9450-E55B8DD52F25}.Release|Any CPU.Build.0 = Release|Any CPU
		{A3055D9D-9B90-43EE-8543-070771236EAD}.Debug|Any CPU.ActiveCfg = Debug|Any CPU
		{A3055D9D-9B90-43EE-8543-070771236EAD}.Debug|Any CPU.Build.0 = Debug|Any CPU
		{A3055D9D-9B90-43EE-8543-070771236EAD}.Release|Any CPU.ActiveCfg = Release|Any CPU
		{A3055D9D-9B90-43EE-8543-070771236EAD}.Release|Any CPU.Build.0 = Release|Any CPU
		{8C389CBD-C688-4EB1-A204-E52FD3036162}.Debug|Any CPU.ActiveCfg = Debug|Any CPU
		{8C389CBD-C688-4EB1-A204-E52FD3036162}.Debug|Any CPU.Build.0 = Debug|Any CPU
		{8C389CBD-C688-4EB1-A204-E52FD3036162}.Release|Any CPU.ActiveCfg = Release|Any CPU
		{8C389CBD-C688-4EB1-A204-E52FD3036162}.Release|Any CPU.Build.0 = Release|Any CPU
		{4271A4D6-ABBA-412D-8BD5-65EA9F939BC4}.Debug|Any CPU.ActiveCfg = Debug|Any CPU
		{4271A4D6-ABBA-412D-8BD5-65EA9F939BC4}.Debug|Any CPU.Build.0 = Debug|Any CPU
		{4271A4D6-ABBA-412D-8BD5-65EA9F939BC4}.Release|Any CPU.ActiveCfg = Release|Any CPU
		{4271A4D6-ABBA-412D-8BD5-65EA9F939BC4}.Release|Any CPU.Build.0 = Release|Any CPU
		{87EA0A07-1F0C-4403-B2D0-BC6586AD7BC8}.Debug|Any CPU.ActiveCfg = Debug|Any CPU
		{87EA0A07-1F0C-4403-B2D0-BC6586AD7BC8}.Debug|Any CPU.Build.0 = Debug|Any CPU
		{87EA0A07-1F0C-4403-B2D0-BC6586AD7BC8}.Release|Any CPU.ActiveCfg = Release|Any CPU
		{87EA0A07-1F0C-4403-B2D0-BC6586AD7BC8}.Release|Any CPU.Build.0 = Release|Any CPU
		{4F855F59-EE1C-45DC-B174-C4E31D6946AA}.Debug|Any CPU.ActiveCfg = Debug|Any CPU
		{4F855F59-EE1C-45DC-B174-C4E31D6946AA}.Debug|Any CPU.Build.0 = Debug|Any CPU
		{4F855F59-EE1C-45DC-B174-C4E31D6946AA}.Release|Any CPU.ActiveCfg = Release|Any CPU
		{4F855F59-EE1C-45DC-B174-C4E31D6946AA}.Release|Any CPU.Build.0 = Release|Any CPU
		{B8D2CC68-B3B7-4C60-9BF2-E16E8AAE62B7}.Debug|Any CPU.ActiveCfg = Debug|Any CPU
		{B8D2CC68-B3B7-4C60-9BF2-E16E8AAE62B7}.Debug|Any CPU.Build.0 = Debug|Any CPU
		{B8D2CC68-B3B7-4C60-9BF2-E16E8AAE62B7}.Release|Any CPU.ActiveCfg = Release|Any CPU
		{B8D2CC68-B3B7-4C60-9BF2-E16E8AAE62B7}.Release|Any CPU.Build.0 = Release|Any CPU
		{76891A33-A03A-4EEF-ABE1-0F6863535769}.Debug|Any CPU.ActiveCfg = Debug|Any CPU
		{76891A33-A03A-4EEF-ABE1-0F6863535769}.Debug|Any CPU.Build.0 = Debug|Any CPU
		{76891A33-A03A-4EEF-ABE1-0F6863535769}.Release|Any CPU.ActiveCfg = Release|Any CPU
		{76891A33-A03A-4EEF-ABE1-0F6863535769}.Release|Any CPU.Build.0 = Release|Any CPU
		{3FD4DCDC-9C35-4879-B2EA-0ED68CC3F609}.Debug|Any CPU.ActiveCfg = Debug|Any CPU
		{3FD4DCDC-9C35-4879-B2EA-0ED68CC3F609}.Debug|Any CPU.Build.0 = Debug|Any CPU
		{3FD4DCDC-9C35-4879-B2EA-0ED68CC3F609}.Release|Any CPU.ActiveCfg = Release|Any CPU
		{3FD4DCDC-9C35-4879-B2EA-0ED68CC3F609}.Release|Any CPU.Build.0 = Release|Any CPU
		{D59B40C1-C4FA-4BF4-A543-F9E35CC65217}.Debug|Any CPU.ActiveCfg = Debug|Any CPU
		{D59B40C1-C4FA-4BF4-A543-F9E35CC65217}.Debug|Any CPU.Build.0 = Debug|Any CPU
		{D59B40C1-C4FA-4BF4-A543-F9E35CC65217}.Release|Any CPU.ActiveCfg = Release|Any CPU
		{D59B40C1-C4FA-4BF4-A543-F9E35CC65217}.Release|Any CPU.Build.0 = Release|Any CPU
		{F64EA2D8-F839-4CFB-B204-F864F5CA471E}.Debug|Any CPU.ActiveCfg = Debug|Any CPU
		{F64EA2D8-F839-4CFB-B204-F864F5CA471E}.Debug|Any CPU.Build.0 = Debug|Any CPU
		{F64EA2D8-F839-4CFB-B204-F864F5CA471E}.Release|Any CPU.ActiveCfg = Release|Any CPU
		{F64EA2D8-F839-4CFB-B204-F864F5CA471E}.Release|Any CPU.Build.0 = Release|Any CPU
		{DFD45FFE-DB17-45B8-8577-81EC219BA873}.Debug|Any CPU.ActiveCfg = Debug|Any CPU
		{DFD45FFE-DB17-45B8-8577-81EC219BA873}.Debug|Any CPU.Build.0 = Debug|Any CPU
		{DFD45FFE-DB17-45B8-8577-81EC219BA873}.Release|Any CPU.ActiveCfg = Release|Any CPU
		{DFD45FFE-DB17-45B8-8577-81EC219BA873}.Release|Any CPU.Build.0 = Release|Any CPU
		{25ED97DD-7581-432D-A4A1-1AB90B5EDE61}.Debug|Any CPU.ActiveCfg = Debug|Any CPU
		{25ED97DD-7581-432D-A4A1-1AB90B5EDE61}.Debug|Any CPU.Build.0 = Debug|Any CPU
		{25ED97DD-7581-432D-A4A1-1AB90B5EDE61}.Release|Any CPU.ActiveCfg = Release|Any CPU
		{25ED97DD-7581-432D-A4A1-1AB90B5EDE61}.Release|Any CPU.Build.0 = Release|Any CPU
		{3C4C85D4-CA17-470B-8653-296B29DF9411}.Debug|Any CPU.ActiveCfg = Debug|Any CPU
		{3C4C85D4-CA17-470B-8653-296B29DF9411}.Debug|Any CPU.Build.0 = Debug|Any CPU
		{3C4C85D4-CA17-470B-8653-296B29DF9411}.Release|Any CPU.ActiveCfg = Release|Any CPU
		{3C4C85D4-CA17-470B-8653-296B29DF9411}.Release|Any CPU.Build.0 = Release|Any CPU
		{5CD0C716-3A5B-4BAE-835C-EBDF2F0A4423}.Debug|Any CPU.ActiveCfg = Debug|Any CPU
		{5CD0C716-3A5B-4BAE-835C-EBDF2F0A4423}.Debug|Any CPU.Build.0 = Debug|Any CPU
		{5CD0C716-3A5B-4BAE-835C-EBDF2F0A4423}.Release|Any CPU.ActiveCfg = Release|Any CPU
		{5CD0C716-3A5B-4BAE-835C-EBDF2F0A4423}.Release|Any CPU.Build.0 = Release|Any CPU
		{A574E5D0-0206-4239-AC35-2A6E98DB5391}.Debug|Any CPU.ActiveCfg = Debug|Any CPU
		{A574E5D0-0206-4239-AC35-2A6E98DB5391}.Debug|Any CPU.Build.0 = Debug|Any CPU
		{A574E5D0-0206-4239-AC35-2A6E98DB5391}.Release|Any CPU.ActiveCfg = Release|Any CPU
		{A574E5D0-0206-4239-AC35-2A6E98DB5391}.Release|Any CPU.Build.0 = Release|Any CPU
		{E68B293E-3AEC-430F-A0A1-4B5D732C01A3}.Debug|Any CPU.ActiveCfg = Debug|Any CPU
		{E68B293E-3AEC-430F-A0A1-4B5D732C01A3}.Debug|Any CPU.Build.0 = Debug|Any CPU
		{E68B293E-3AEC-430F-A0A1-4B5D732C01A3}.Release|Any CPU.ActiveCfg = Release|Any CPU
		{E68B293E-3AEC-430F-A0A1-4B5D732C01A3}.Release|Any CPU.Build.0 = Release|Any CPU
		{3743D179-7BE1-4B53-8071-E89300465A3B}.Debug|Any CPU.ActiveCfg = Debug|Any CPU
		{3743D179-7BE1-4B53-8071-E89300465A3B}.Debug|Any CPU.Build.0 = Debug|Any CPU
		{3743D179-7BE1-4B53-8071-E89300465A3B}.Release|Any CPU.ActiveCfg = Release|Any CPU
		{3743D179-7BE1-4B53-8071-E89300465A3B}.Release|Any CPU.Build.0 = Release|Any CPU
		{FEE3B5DD-3DEF-41A2-99F2-38300480C00A}.Debug|Any CPU.ActiveCfg = Debug|Any CPU
		{FEE3B5DD-3DEF-41A2-99F2-38300480C00A}.Debug|Any CPU.Build.0 = Debug|Any CPU
		{FEE3B5DD-3DEF-41A2-99F2-38300480C00A}.Release|Any CPU.ActiveCfg = Release|Any CPU
		{FEE3B5DD-3DEF-41A2-99F2-38300480C00A}.Release|Any CPU.Build.0 = Release|Any CPU
		{92B99E92-3040-4E81-9091-67C4903B3D01}.Debug|Any CPU.ActiveCfg = Debug|Any CPU
		{92B99E92-3040-4E81-9091-67C4903B3D01}.Debug|Any CPU.Build.0 = Debug|Any CPU
		{92B99E92-3040-4E81-9091-67C4903B3D01}.Release|Any CPU.ActiveCfg = Release|Any CPU
		{92B99E92-3040-4E81-9091-67C4903B3D01}.Release|Any CPU.Build.0 = Release|Any CPU
		{41F591DA-983D-4C30-84B9-41060FB216FC}.Debug|Any CPU.ActiveCfg = Debug|Any CPU
		{41F591DA-983D-4C30-84B9-41060FB216FC}.Debug|Any CPU.Build.0 = Debug|Any CPU
		{41F591DA-983D-4C30-84B9-41060FB216FC}.Release|Any CPU.ActiveCfg = Release|Any CPU
		{41F591DA-983D-4C30-84B9-41060FB216FC}.Release|Any CPU.Build.0 = Release|Any CPU
		{7778CE69-996B-4038-90BC-E41283CA92B4}.Debug|Any CPU.ActiveCfg = Debug|Any CPU
		{7778CE69-996B-4038-90BC-E41283CA92B4}.Debug|Any CPU.Build.0 = Debug|Any CPU
		{7778CE69-996B-4038-90BC-E41283CA92B4}.Release|Any CPU.ActiveCfg = Release|Any CPU
		{7778CE69-996B-4038-90BC-E41283CA92B4}.Release|Any CPU.Build.0 = Release|Any CPU
		{971F37E8-9D3E-4598-953C-D48D481CE96C}.Debug|Any CPU.ActiveCfg = Debug|Any CPU
		{971F37E8-9D3E-4598-953C-D48D481CE96C}.Debug|Any CPU.Build.0 = Debug|Any CPU
		{971F37E8-9D3E-4598-953C-D48D481CE96C}.Release|Any CPU.ActiveCfg = Release|Any CPU
		{971F37E8-9D3E-4598-953C-D48D481CE96C}.Release|Any CPU.Build.0 = Release|Any CPU
		{E4538024-2420-4689-B9C1-47B555126811}.Debug|Any CPU.ActiveCfg = Debug|Any CPU
		{E4538024-2420-4689-B9C1-47B555126811}.Debug|Any CPU.Build.0 = Debug|Any CPU
		{E4538024-2420-4689-B9C1-47B555126811}.Release|Any CPU.ActiveCfg = Release|Any CPU
		{E4538024-2420-4689-B9C1-47B555126811}.Release|Any CPU.Build.0 = Release|Any CPU
		{19671ED4-60C8-403E-9DF8-64975CDB68CD}.Debug|Any CPU.ActiveCfg = Debug|Any CPU
		{19671ED4-60C8-403E-9DF8-64975CDB68CD}.Debug|Any CPU.Build.0 = Debug|Any CPU
		{19671ED4-60C8-403E-9DF8-64975CDB68CD}.Release|Any CPU.ActiveCfg = Release|Any CPU
		{19671ED4-60C8-403E-9DF8-64975CDB68CD}.Release|Any CPU.Build.0 = Release|Any CPU
	EndGlobalSection
	GlobalSection(SolutionProperties) = preSolution
		HideSolutionNode = FALSE
	EndGlobalSection
	GlobalSection(ExtensibilityGlobals) = postSolution
		SolutionGuid = {8374693D-590F-4FC5-9964-9DFA85ED1111}
	EndGlobalSection
EndGlobal
